
Microsoft Visual Studio Solution File, Format Version 12.00
# Visual Studio 15
VisualStudioVersion = 15.0.28307.421
MinimumVisualStudioVersion = 10.0.40219.1
Project("{FAE04EC0-301F-11D3-BF4B-00C04F79EFBC}") = "GetMyFeeEstimateForAmazonMWS", "GetMyFeeEstimateForAmazonMWS\GetMyFeeEstimateForAmazonMWS.csproj", "{1A0864CD-5316-4DD9-86D9-9897F6DFD406}"
EndProject
Global
	GlobalSection(SolutionConfigurationPlatforms) = preSolution
		Debug|Any CPU = Debug|Any CPU
		Release|Any CPU = Release|Any CPU
	EndGlobalSection
	GlobalSection(ProjectConfigurationPlatforms) = postSolution
		{1A0864CD-5316-4DD9-86D9-9897F6DFD406}.Debug|Any CPU.ActiveCfg = Debug|Any CPU
		{1A0864CD-5316-4DD9-86D9-9897F6DFD406}.Debug|Any CPU.Build.0 = Debug|Any CPU
		{1A0864CD-5316-4DD9-86D9-9897F6DFD406}.Release|Any CPU.ActiveCfg = Release|Any CPU
		{1A0864CD-5316-4DD9-86D9-9897F6DFD406}.Release|Any CPU.Build.0 = Release|Any CPU
	EndGlobalSection
	GlobalSection(SolutionProperties) = preSolution
		HideSolutionNode = FALSE
	EndGlobalSection
	GlobalSection(ExtensibilityGlobals) = postSolution
		SolutionGuid = {45676FCA-1C7B-463A-A18B-D966FE3C2E97}
	EndGlobalSection
EndGlobal
